// !$*UTF8*$!
{
	archiveVersion = 1;
	classes = {
	};
	objectVersion = 56;
	objects = {

/* Begin PBXBuildFile section */
		5B0033CF2B16404E0012707C /* CodeUsingAStyleGuideApp.swift in Sources */ = {isa = PBXBuildFile; fileRef = 5B0033CE2B16404E0012707C /* CodeUsingAStyleGuideApp.swift */; };
		5B0033D12B16404E0012707C /* ContentView.swift in Sources */ = {isa = PBXBuildFile; fileRef = 5B0033D02B16404E0012707C /* ContentView.swift */; };
		5B0033D32B16404F0012707C /* Assets.xcassets in Resources */ = {isa = PBXBuildFile; fileRef = 5B0033D22B16404F0012707C /* Assets.xcassets */; };
		5B0033D62B16404F0012707C /* Preview Assets.xcassets in Resources */ = {isa = PBXBuildFile; fileRef = 5B0033D52B16404F0012707C /* Preview Assets.xcassets */; };
		5B4BC6422B17C9EA00B69B30 /* DestinationsView.swift in Sources */ = {isa = PBXBuildFile; fileRef = 5B4BC6412B17C9EA00B69B30 /* DestinationsView.swift */; };
		5B4BC64A2B17CC6B00B69B30 /* FeatureRowView.swift in Sources */ = {isa = PBXBuildFile; fileRef = 5B4BC6492B17CC6B00B69B30 /* FeatureRowView.swift */; };
		5B4BC64E2B17CEDF00B69B30 /* IconBackground.swift in Sources */ = {isa = PBXBuildFile; fileRef = 5B4BC64D2B17CEDF00B69B30 /* IconBackground.swift */; };
		5B4BC6612B1A1A7F00B69B30 /* Font+custom.swift in Sources */ = {isa = PBXBuildFile; fileRef = 5B4BC6602B1A1A7F00B69B30 /* Font+custom.swift */; };
		5B4BC6632B1A26F800B69B30 /* Helvetica.ttc in Resources */ = {isa = PBXBuildFile; fileRef = 5B4BC6622B1A26F800B69B30 /* Helvetica.ttc */; };
		5B4BC6672B1A3E1900B69B30 /* CalloutRowView.swift in Sources */ = {isa = PBXBuildFile; fileRef = 5B4BC6662B1A3E1900B69B30 /* CalloutRowView.swift */; };
		5B4BC6692B1A40E900B69B30 /* IconView.swift in Sources */ = {isa = PBXBuildFile; fileRef = 5B4BC6682B1A40E900B69B30 /* IconView.swift */; };
		5B4BC66B2B1A449900B69B30 /* DestinationDetailsView.swift in Sources */ = {isa = PBXBuildFile; fileRef = 5B4BC66A2B1A449900B69B30 /* DestinationDetailsView.swift */; };
/* End PBXBuildFile section */

/* Begin PBXFileReference section */
		5B0033CB2B16404E0012707C /* CodeUsingAStyleGuide.app */ = {isa = PBXFileReference; explicitFileType = wrapper.application; includeInIndex = 0; path = CodeUsingAStyleGuide.app; sourceTree = BUILT_PRODUCTS_DIR; };
		5B0033CE2B16404E0012707C /* CodeUsingAStyleGuideApp.swift */ = {isa = PBXFileReference; lastKnownFileType = sourcecode.swift; path = CodeUsingAStyleGuideApp.swift; sourceTree = "<group>"; };
		5B0033D02B16404E0012707C /* ContentView.swift */ = {isa = PBXFileReference; lastKnownFileType = sourcecode.swift; path = ContentView.swift; sourceTree = "<group>"; };
		5B0033D22B16404F0012707C /* Assets.xcassets */ = {isa = PBXFileReference; lastKnownFileType = folder.assetcatalog; path = Assets.xcassets; sourceTree = "<group>"; };
		5B0033D52B16404F0012707C /* Preview Assets.xcassets */ = {isa = PBXFileReference; lastKnownFileType = folder.assetcatalog; path = "Preview Assets.xcassets"; sourceTree = "<group>"; };
		5B4BC6412B17C9EA00B69B30 /* DestinationsView.swift */ = {isa = PBXFileReference; lastKnownFileType = sourcecode.swift; path = DestinationsView.swift; sourceTree = "<group>"; };
		5B4BC6492B17CC6B00B69B30 /* FeatureRowView.swift */ = {isa = PBXFileReference; lastKnownFileType = sourcecode.swift; path = FeatureRowView.swift; sourceTree = "<group>"; };
		5B4BC64D2B17CEDF00B69B30 /* IconBackground.swift */ = {isa = PBXFileReference; lastKnownFileType = sourcecode.swift; path = IconBackground.swift; sourceTree = "<group>"; };
		5B4BC6552B1A181700B69B30 /* Info.plist */ = {isa = PBXFileReference; lastKnownFileType = text.plist; path = Info.plist; sourceTree = "<group>"; };
		5B4BC6602B1A1A7F00B69B30 /* Font+custom.swift */ = {isa = PBXFileReference; lastKnownFileType = sourcecode.swift; path = "Font+custom.swift"; sourceTree = "<group>"; };
		5B4BC6622B1A26F800B69B30 /* Helvetica.ttc */ = {isa = PBXFileReference; lastKnownFileType = file; path = Helvetica.ttc; sourceTree = "<group>"; };
		5B4BC6662B1A3E1900B69B30 /* CalloutRowView.swift */ = {isa = PBXFileReference; lastKnownFileType = sourcecode.swift; path = CalloutRowView.swift; sourceTree = "<group>"; };
		5B4BC6682B1A40E900B69B30 /* IconView.swift */ = {isa = PBXFileReference; lastKnownFileType = sourcecode.swift; path = IconView.swift; sourceTree = "<group>"; };
		5B4BC66A2B1A449900B69B30 /* DestinationDetailsView.swift */ = {isa = PBXFileReference; lastKnownFileType = sourcecode.swift; path = DestinationDetailsView.swift; sourceTree = "<group>"; };
/* End PBXFileReference section */

/* Begin PBXFrameworksBuildPhase section */
		5B0033C82B16404E0012707C /* Frameworks */ = {
			isa = PBXFrameworksBuildPhase;
			buildActionMask = 2147483647;
			files = (
			);
			runOnlyForDeploymentPostprocessing = 0;
		};
/* End PBXFrameworksBuildPhase section */

/* Begin PBXGroup section */
		5B0033C22B16404E0012707C = {
			isa = PBXGroup;
			children = (
				5B0033CD2B16404E0012707C /* CodeUsingAStyleGuide */,
				5B0033CC2B16404E0012707C /* Products */,
			);
			sourceTree = "<group>";
		};
		5B0033CC2B16404E0012707C /* Products */ = {
			isa = PBXGroup;
			children = (
				5B0033CB2B16404E0012707C /* CodeUsingAStyleGuide.app */,
			);
			name = Products;
			sourceTree = "<group>";
		};
		5B0033CD2B16404E0012707C /* CodeUsingAStyleGuide */ = {
			isa = PBXGroup;
			children = (
				5B4BC6552B1A181700B69B30 /* Info.plist */,
				5B0033CE2B16404E0012707C /* CodeUsingAStyleGuideApp.swift */,
				5B4BC64F2B17D41700B69B30 /* Views */,
				5B4BC64D2B17CEDF00B69B30 /* IconBackground.swift */,
				5B4BC6502B1A17D900B69B30 /* Fonts */,
				5B0033D22B16404F0012707C /* Assets.xcassets */,
				5B0033D42B16404F0012707C /* Preview Content */,
			);
			path = CodeUsingAStyleGuide;
			sourceTree = "<group>";
		};
		5B0033D42B16404F0012707C /* Preview Content */ = {
			isa = PBXGroup;
			children = (
				5B0033D52B16404F0012707C /* Preview Assets.xcassets */,
			);
			path = "Preview Content";
			sourceTree = "<group>";
		};
		5B4BC64F2B17D41700B69B30 /* Views */ = {
			isa = PBXGroup;
			children = (
				5B0033D02B16404E0012707C /* ContentView.swift */,
				5B4BC6412B17C9EA00B69B30 /* DestinationsView.swift */,
				5B4BC66A2B1A449900B69B30 /* DestinationDetailsView.swift */,
				5B4BC6492B17CC6B00B69B30 /* FeatureRowView.swift */,
				5B4BC6662B1A3E1900B69B30 /* CalloutRowView.swift */,
				5B4BC6682B1A40E900B69B30 /* IconView.swift */,
			);
			path = Views;
			sourceTree = "<group>";
		};
		5B4BC6502B1A17D900B69B30 /* Fonts */ = {
			isa = PBXGroup;
			children = (
				5B4BC6602B1A1A7F00B69B30 /* Font+custom.swift */,
				5B4BC6622B1A26F800B69B30 /* Helvetica.ttc */,
			);
			path = Fonts;
			sourceTree = "<group>";
		};
/* End PBXGroup section */

/* Begin PBXNativeTarget section */
		5B0033CA2B16404E0012707C /* CodeUsingAStyleGuide */ = {
			isa = PBXNativeTarget;
			buildConfigurationList = 5B0033D92B16404F0012707C /* Build configuration list for PBXNativeTarget "CodeUsingAStyleGuide" */;
			buildPhases = (
				5B0033C72B16404E0012707C /* Sources */,
				5B0033C82B16404E0012707C /* Frameworks */,
				5B0033C92B16404E0012707C /* Resources */,
			);
			buildRules = (
			);
			dependencies = (
			);
			name = CodeUsingAStyleGuide;
			productName = CodeUsingAStyleGuide;
			productReference = 5B0033CB2B16404E0012707C /* CodeUsingAStyleGuide.app */;
			productType = "com.apple.product-type.application";
		};
/* End PBXNativeTarget section */

/* Begin PBXProject section */
		5B0033C32B16404E0012707C /* Project object */ = {
			isa = PBXProject;
			attributes = {
				BuildIndependentTargetsInParallel = 1;
				LastSwiftUpdateCheck = 1500;
				LastUpgradeCheck = 1500;
				TargetAttributes = {
					5B0033CA2B16404E0012707C = {
						CreatedOnToolsVersion = 15.0.1;
					};
				};
			};
			buildConfigurationList = 5B0033C62B16404E0012707C /* Build configuration list for PBXProject "CodeUsingAStyleGuide" */;
			compatibilityVersion = "Xcode 14.0";
			developmentRegion = en;
			hasScannedForEncodings = 0;
			knownRegions = (
				en,
				Base,
			);
			mainGroup = 5B0033C22B16404E0012707C;
			productRefGroup = 5B0033CC2B16404E0012707C /* Products */;
			projectDirPath = "";
			projectRoot = "";
			targets = (
				5B0033CA2B16404E0012707C /* CodeUsingAStyleGuide */,
			);
		};
/* End PBXProject section */

/* Begin PBXResourcesBuildPhase section */
		5B0033C92B16404E0012707C /* Resources */ = {
			isa = PBXResourcesBuildPhase;
			buildActionMask = 2147483647;
			files = (
				5B0033D62B16404F0012707C /* Preview Assets.xcassets in Resources */,
				5B0033D32B16404F0012707C /* Assets.xcassets in Resources */,
				5B4BC6632B1A26F800B69B30 /* Helvetica.ttc in Resources */,
			);
			runOnlyForDeploymentPostprocessing = 0;
		};
/* End PBXResourcesBuildPhase section */

/* Begin PBXSourcesBuildPhase section */
		5B0033C72B16404E0012707C /* Sources */ = {
			isa = PBXSourcesBuildPhase;
			buildActionMask = 2147483647;
			files = (
				5B4BC6692B1A40E900B69B30 /* IconView.swift in Sources */,
				5B4BC64E2B17CEDF00B69B30 /* IconBackground.swift in Sources */,
				5B4BC66B2B1A449900B69B30 /* DestinationDetailsView.swift in Sources */,
				5B4BC6612B1A1A7F00B69B30 /* Font+custom.swift in Sources */,
				5B4BC6422B17C9EA00B69B30 /* DestinationsView.swift in Sources */,
				5B0033D12B16404E0012707C /* ContentView.swift in Sources */,
				5B4BC6672B1A3E1900B69B30 /* CalloutRowView.swift in Sources */,
				5B4BC64A2B17CC6B00B69B30 /* FeatureRowView.swift in Sources */,
				5B0033CF2B16404E0012707C /* CodeUsingAStyleGuideApp.swift in Sources */,
			);
			runOnlyForDeploymentPostprocessing = 0;
		};
/* End PBXSourcesBuildPhase section */

/* Begin XCBuildConfiguration section */
		5B0033D72B16404F0012707C /* Debug */ = {
			isa = XCBuildConfiguration;
			buildSettings = {
				ALWAYS_SEARCH_USER_PATHS = NO;
				ASSETCATALOG_COMPILER_GENERATE_SWIFT_ASSET_SYMBOL_EXTENSIONS = YES;
				CLANG_ANALYZER_NONNULL = YES;
				CLANG_ANALYZER_NUMBER_OBJECT_CONVERSION = YES_AGGRESSIVE;
				CLANG_CXX_LANGUAGE_STANDARD = "gnu++20";
				CLANG_ENABLE_MODULES = YES;
				CLANG_ENABLE_OBJC_ARC = YES;
				CLANG_ENABLE_OBJC_WEAK = YES;
				CLANG_WARN_BLOCK_CAPTURE_AUTORELEASING = YES;
				CLANG_WARN_BOOL_CONVERSION = YES;
				CLANG_WARN_COMMA = YES;
				CLANG_WARN_CONSTANT_CONVERSION = YES;
				CLANG_WARN_DEPRECATED_OBJC_IMPLEMENTATIONS = YES;
				CLANG_WARN_DIRECT_OBJC_ISA_USAGE = YES_ERROR;
				CLANG_WARN_DOCUMENTATION_COMMENTS = YES;
				CLANG_WARN_EMPTY_BODY = YES;
				CLANG_WARN_ENUM_CONVERSION = YES;
				CLANG_WARN_INFINITE_RECURSION = YES;
				CLANG_WARN_INT_CONVERSION = YES;
				CLANG_WARN_NON_LITERAL_NULL_CONVERSION = YES;
				CLANG_WARN_OBJC_IMPLICIT_RETAIN_SELF = YES;
				CLANG_WARN_OBJC_LITERAL_CONVERSION = YES;
				CLANG_WARN_OBJC_ROOT_CLASS = YES_ERROR;
				CLANG_WARN_QUOTED_INCLUDE_IN_FRAMEWORK_HEADER = YES;
				CLANG_WARN_RANGE_LOOP_ANALYSIS = YES;
				CLANG_WARN_STRICT_PROTOTYPES = YES;
				CLANG_WARN_SUSPICIOUS_MOVE = YES;
				CLANG_WARN_UNGUARDED_AVAILABILITY = YES_AGGRESSIVE;
				CLANG_WARN_UNREACHABLE_CODE = YES;
				CLANG_WARN__DUPLICATE_METHOD_MATCH = YES;
				COPY_PHASE_STRIP = NO;
				DEBUG_INFORMATION_FORMAT = dwarf;
				ENABLE_STRICT_OBJC_MSGSEND = YES;
				ENABLE_TESTABILITY = YES;
				ENABLE_USER_SCRIPT_SANDBOXING = YES;
				GCC_C_LANGUAGE_STANDARD = gnu17;
				GCC_DYNAMIC_NO_PIC = NO;
				GCC_NO_COMMON_BLOCKS = YES;
				GCC_OPTIMIZATION_LEVEL = 0;
				GCC_PREPROCESSOR_DEFINITIONS = (
					"DEBUG=1",
					"$(inherited)",
				);
				GCC_WARN_64_TO_32_BIT_CONVERSION = YES;
				GCC_WARN_ABOUT_RETURN_TYPE = YES_ERROR;
				GCC_WARN_UNDECLARED_SELECTOR = YES;
				GCC_WARN_UNINITIALIZED_AUTOS = YES_AGGRESSIVE;
				GCC_WARN_UNUSED_FUNCTION = YES;
				GCC_WARN_UNUSED_VARIABLE = YES;
				IPHONEOS_DEPLOYMENT_TARGET = 17.0;
				LOCALIZATION_PREFERS_STRING_CATALOGS = YES;
				MTL_ENABLE_DEBUG_INFO = INCLUDE_SOURCE;
				MTL_FAST_MATH = YES;
				ONLY_ACTIVE_ARCH = YES;
				SDKROOT = iphoneos;
				SWIFT_ACTIVE_COMPILATION_CONDITIONS = "DEBUG $(inherited)";
				SWIFT_OPTIMIZATION_LEVEL = "-Onone";
			};
			name = Debug;
		};
		5B0033D82B16404F0012707C /* Release */ = {
			isa = XCBuildConfiguration;
			buildSettings = {
				ALWAYS_SEARCH_USER_PATHS = NO;
				ASSETCATALOG_COMPILER_GENERATE_SWIFT_ASSET_SYMBOL_EXTENSIONS = YES;
				CLANG_ANALYZER_NONNULL = YES;
				CLANG_ANALYZER_NUMBER_OBJECT_CONVERSION = YES_AGGRESSIVE;
				CLANG_CXX_LANGUAGE_STANDARD = "gnu++20";
				CLANG_ENABLE_MODULES = YES;
				CLANG_ENABLE_OBJC_ARC = YES;
				CLANG_ENABLE_OBJC_WEAK = YES;
				CLANG_WARN_BLOCK_CAPTURE_AUTORELEASING = YES;
				CLANG_WARN_BOOL_CONVERSION = YES;
				CLANG_WARN_COMMA = YES;
				CLANG_WARN_CONSTANT_CONVERSION = YES;
				CLANG_WARN_DEPRECATED_OBJC_IMPLEMENTATIONS = YES;
				CLANG_WARN_DIRECT_OBJC_ISA_USAGE = YES_ERROR;
				CLANG_WARN_DOCUMENTATION_COMMENTS = YES;
				CLANG_WARN_EMPTY_BODY = YES;
				CLANG_WARN_ENUM_CONVERSION = YES;
				CLANG_WARN_INFINITE_RECURSION = YES;
				CLANG_WARN_INT_CONVERSION = YES;
				CLANG_WARN_NON_LITERAL_NULL_CONVERSION = YES;
				CLANG_WARN_OBJC_IMPLICIT_RETAIN_SELF = YES;
				CLANG_WARN_OBJC_LITERAL_CONVERSION = YES;
				CLANG_WARN_OBJC_ROOT_CLASS = YES_ERROR;
				CLANG_WARN_QUOTED_INCLUDE_IN_FRAMEWORK_HEADER = YES;
				CLANG_WARN_RANGE_LOOP_ANALYSIS = YES;
				CLANG_WARN_STRICT_PROTOTYPES = YES;
				CLANG_WARN_SUSPICIOUS_MOVE = YES;
				CLANG_WARN_UNGUARDED_AVAILABILITY = YES_AGGRESSIVE;
				CLANG_WARN_UNREACHABLE_CODE = YES;
				CLANG_WARN__DUPLICATE_METHOD_MATCH = YES;
				COPY_PHASE_STRIP = NO;
				DEBUG_INFORMATION_FORMAT = "dwarf-with-dsym";
				ENABLE_NS_ASSERTIONS = NO;
				ENABLE_STRICT_OBJC_MSGSEND = YES;
				ENABLE_USER_SCRIPT_SANDBOXING = YES;
				GCC_C_LANGUAGE_STANDARD = gnu17;
				GCC_NO_COMMON_BLOCKS = YES;
				GCC_WARN_64_TO_32_BIT_CONVERSION = YES;
				GCC_WARN_ABOUT_RETURN_TYPE = YES_ERROR;
				GCC_WARN_UNDECLARED_SELECTOR = YES;
				GCC_WARN_UNINITIALIZED_AUTOS = YES_AGGRESSIVE;
				GCC_WARN_UNUSED_FUNCTION = YES;
				GCC_WARN_UNUSED_VARIABLE = YES;
				IPHONEOS_DEPLOYMENT_TARGET = 17.0;
				LOCALIZATION_PREFERS_STRING_CATALOGS = YES;
				MTL_ENABLE_DEBUG_INFO = NO;
				MTL_FAST_MATH = YES;
				SDKROOT = iphoneos;
				SWIFT_COMPILATION_MODE = wholemodule;
				VALIDATE_PRODUCT = YES;
			};
			name = Release;
		};
		5B0033DA2B16404F0012707C /* Debug */ = {
			isa = XCBuildConfiguration;
			buildSettings = {
				ASSETCATALOG_COMPILER_APPICON_NAME = AppIcon;
				ASSETCATALOG_COMPILER_GLOBAL_ACCENT_COLOR_NAME = AccentColor;
				CODE_SIGN_STYLE = Automatic;
				CURRENT_PROJECT_VERSION = 1;
				DEVELOPMENT_ASSET_PATHS = "\"CodeUsingAStyleGuide/Preview Content\"";
				DEVELOPMENT_TEAM = 2PF4YUG536;
				ENABLE_PREVIEWS = YES;
				GENERATE_INFOPLIST_FILE = YES;
				INFOPLIST_FILE = CodeUsingAStyleGuide/Info.plist;
				INFOPLIST_KEY_UIApplicationSceneManifest_Generation = YES;
				INFOPLIST_KEY_UIApplicationSupportsIndirectInputEvents = YES;
				INFOPLIST_KEY_UILaunchScreen_Generation = YES;
				INFOPLIST_KEY_UISupportedInterfaceOrientations_iPad = "UIInterfaceOrientationPortrait UIInterfaceOrientationPortraitUpsideDown UIInterfaceOrientationLandscapeLeft UIInterfaceOrientationLandscapeRight";
				INFOPLIST_KEY_UISupportedInterfaceOrientations_iPhone = "UIInterfaceOrientationPortrait UIInterfaceOrientationLandscapeLeft UIInterfaceOrientationLandscapeRight";
				LD_RUNPATH_SEARCH_PATHS = (
					"$(inherited)",
					"@executable_path/Frameworks",
				);
				MARKETING_VERSION = 1.0;
				PRODUCT_BUNDLE_IDENTIFIER = com.academy.CodeUsingAStyleGuide;
				PRODUCT_NAME = "$(TARGET_NAME)";
				SWIFT_EMIT_LOC_STRINGS = YES;
				SWIFT_VERSION = 5.0;
				TARGETED_DEVICE_FAMILY = "1,2";
			};
			name = Debug;
		};
		5B0033DB2B16404F0012707C /* Release */ = {
			isa = XCBuildConfiguration;
			buildSettings = {
				ASSETCATALOG_COMPILER_APPICON_NAME = AppIcon;
				ASSETCATALOG_COMPILER_GLOBAL_ACCENT_COLOR_NAME = AccentColor;
				CODE_SIGN_STYLE = Automatic;
				CURRENT_PROJECT_VERSION = 1;
				DEVELOPMENT_ASSET_PATHS = "\"CodeUsingAStyleGuide/Preview Content\"";
				DEVELOPMENT_TEAM = 2PF4YUG536;
				ENABLE_PREVIEWS = YES;
				GENERATE_INFOPLIST_FILE = YES;
				INFOPLIST_FILE = CodeUsingAStyleGuide/Info.plist;
				INFOPLIST_KEY_UIApplicationSceneManifest_Generation = YES;
				INFOPLIST_KEY_UIApplicationSupportsIndirectInputEvents = YES;
				INFOPLIST_KEY_UILaunchScreen_Generation = YES;
				INFOPLIST_KEY_UISupportedInterfaceOrientations_iPad = "UIInterfaceOrientationPortrait UIInterfaceOrientationPortraitUpsideDown UIInterfaceOrientationLandscapeLeft UIInterfaceOrientationLandscapeRight";
				INFOPLIST_KEY_UISupportedInterfaceOrientations_iPhone = "UIInterfaceOrientationPortrait UIInterfaceOrientationLandscapeLeft UIInterfaceOrientationLandscapeRight";
				LD_RUNPATH_SEARCH_PATHS = (
					"$(inherited)",
					"@executable_path/Frameworks",
				);
				MARKETING_VERSION = 1.0;
				PRODUCT_BUNDLE_IDENTIFIER = com.academy.CodeUsingAStyleGuide;
				PRODUCT_NAME = "$(TARGET_NAME)";
				SWIFT_EMIT_LOC_STRINGS = YES;
				SWIFT_VERSION = 5.0;
				TARGETED_DEVICE_FAMILY = "1,2";
			};
			name = Release;
		};
/* End XCBuildConfiguration section */

/* Begin XCConfigurationList section */
		5B0033C62B16404E0012707C /* Build configuration list for PBXProject "CodeUsingAStyleGuide" */ = {
			isa = XCConfigurationList;
			buildConfigurations = (
				5B0033D72B16404F0012707C /* Debug */,
				5B0033D82B16404F0012707C /* Release */,
			);
			defaultConfigurationIsVisible = 0;
			defaultConfigurationName = Release;
		};
		5B0033D92B16404F0012707C /* Build configuration list for PBXNativeTarget "CodeUsingAStyleGuide" */ = {
			isa = XCConfigurationList;
			buildConfigurations = (
				5B0033DA2B16404F0012707C /* Debug */,
				5B0033DB2B16404F0012707C /* Release */,
			);
			defaultConfigurationIsVisible = 0;
			defaultConfigurationName = Release;
		};
/* End XCConfigurationList section */
	};
	rootObject = 5B0033C32B16404E0012707C /* Project object */;
}
